
Microsoft Visual Studio Solution File, Format Version 12.00
# Visual Studio 15
VisualStudioVersion = 15.0.27703.2047
MinimumVisualStudioVersion = 10.0.40219.1
Project("{FAE04EC0-301F-11D3-BF4B-00C04F79EFBC}") = "Impacta.Identity.Terminal", "Impacta.Identity.Terminal\Impacta.Identity.Terminal.csproj", "{216DA206-3DA7-42F4-B533-20848F29FD70}"
EndProject
Project("{FAE04EC0-301F-11D3-BF4B-00C04F79EFBC}") = "Impacta.Autenticacao.Mvc", "Impacta.Autenticacao.Mvc\Impacta.Autenticacao.Mvc.csproj", "{7379D081-2E17-4E91-86EB-EAA138CF22DE}"
EndProject
Global
	GlobalSection(SolutionConfigurationPlatforms) = preSolution
		Debug|Any CPU = Debug|Any CPU
		Release|Any CPU = Release|Any CPU
	EndGlobalSection
	GlobalSection(ProjectConfigurationPlatforms) = postSolution
		{216DA206-3DA7-42F4-B533-20848F29FD70}.Debug|Any CPU.ActiveCfg = Debug|Any CPU
		{216DA206-3DA7-42F4-B533-20848F29FD70}.Debug|Any CPU.Build.0 = Debug|Any CPU
		{216DA206-3DA7-42F4-B533-20848F29FD70}.Release|Any CPU.ActiveCfg = Release|Any CPU
		{216DA206-3DA7-42F4-B533-20848F29FD70}.Release|Any CPU.Build.0 = Release|Any CPU
		{7379D081-2E17-4E91-86EB-EAA138CF22DE}.Debug|Any CPU.ActiveCfg = Debug|Any CPU
		{7379D081-2E17-4E91-86EB-EAA138CF22DE}.Debug|Any CPU.Build.0 = Debug|Any CPU
		{7379D081-2E17-4E91-86EB-EAA138CF22DE}.Release|Any CPU.ActiveCfg = Release|Any CPU
		{7379D081-2E17-4E91-86EB-EAA138CF22DE}.Release|Any CPU.Build.0 = Release|Any CPU
	EndGlobalSection
	GlobalSection(SolutionProperties) = preSolution
		HideSolutionNode = FALSE
	EndGlobalSection
	GlobalSection(ExtensibilityGlobals) = postSolution
		SolutionGuid = {9DDE6CC8-03FC-4F10-B660-564B78A957CA}
	EndGlobalSection
EndGlobal
